
Microsoft Visual Studio Solution File, Format Version 12.00
# Visual Studio Version 16
VisualStudioVersion = 16.0.29306.81
MinimumVisualStudioVersion = 10.0.40219.1
Project("{8BC9CEB8-8B4A-11D0-8D11-00A0C91BC942}") = "zadanie1lab3", "zadanie1lab3\zadanie1lab3.vcxproj", "{B8037A8A-67DE-4706-8B64-C9EA0A073631}"
EndProject
Global
	GlobalSection(SolutionConfigurationPlatforms) = preSolution
		Debug|x64 = Debug|x64
		Debug|x86 = Debug|x86
		Release|x64 = Release|x64
		Release|x86 = Release|x86
	EndGlobalSection
	GlobalSection(ProjectConfigurationPlatforms) = postSolution
		{B8037A8A-67DE-4706-8B64-C9EA0A073631}.Debug|x64.ActiveCfg = Debug|x64
		{B8037A8A-67DE-4706-8B64-C9EA0A073631}.Debug|x64.Build.0 = Debug|x64
		{B8037A8A-67DE-4706-8B64-C9EA0A073631}.Debug|x86.ActiveCfg = Debug|Win32
		{B8037A8A-67DE-4706-8B64-C9EA0A073631}.Debug|x86.Build.0 = Debug|Win32
		{B8037A8A-67DE-4706-8B64-C9EA0A073631}.Release|x64.ActiveCfg = Release|x64
		{B8037A8A-67DE-4706-8B64-C9EA0A073631}.Release|x64.Build.0 = Release|x64
		{B8037A8A-67DE-4706-8B64-C9EA0A073631}.Release|x86.ActiveCfg = Release|Win32
		{B8037A8A-67DE-4706-8B64-C9EA0A073631}.Release|x86.Build.0 = Release|Win32
	EndGlobalSection
	GlobalSection(SolutionProperties) = preSolution
		HideSolutionNode = FALSE
	EndGlobalSection
	GlobalSection(ExtensibilityGlobals) = postSolution
		SolutionGuid = {ADF901C2-144C-46A8-BA77-6AFC22C48645}
	EndGlobalSection
EndGlobal
