
Microsoft Visual Studio Solution File, Format Version 12.00
# Visual Studio Version 16
VisualStudioVersion = 16.0.31729.503
MinimumVisualStudioVersion = 10.0.40219.1
Project("{8BC9CEB8-8B4A-11D0-8D11-00A0C91BC942}") = "zadanie2lab3(2)", "zadanie2lab3(2)\zadanie2lab3(2).vcxproj", "{29EC67A5-9D03-4CDC-8755-3F6D79384A26}"
EndProject
Global
	GlobalSection(SolutionConfigurationPlatforms) = preSolution
		Debug|x64 = Debug|x64
		Debug|x86 = Debug|x86
		Release|x64 = Release|x64
		Release|x86 = Release|x86
	EndGlobalSection
	GlobalSection(ProjectConfigurationPlatforms) = postSolution
		{29EC67A5-9D03-4CDC-8755-3F6D79384A26}.Debug|x64.ActiveCfg = Debug|x64
		{29EC67A5-9D03-4CDC-8755-3F6D79384A26}.Debug|x64.Build.0 = Debug|x64
		{29EC67A5-9D03-4CDC-8755-3F6D79384A26}.Debug|x86.ActiveCfg = Debug|Win32
		{29EC67A5-9D03-4CDC-8755-3F6D79384A26}.Debug|x86.Build.0 = Debug|Win32
		{29EC67A5-9D03-4CDC-8755-3F6D79384A26}.Release|x64.ActiveCfg = Release|x64
		{29EC67A5-9D03-4CDC-8755-3F6D79384A26}.Release|x64.Build.0 = Release|x64
		{29EC67A5-9D03-4CDC-8755-3F6D79384A26}.Release|x86.ActiveCfg = Release|Win32
		{29EC67A5-9D03-4CDC-8755-3F6D79384A26}.Release|x86.Build.0 = Release|Win32
	EndGlobalSection
	GlobalSection(SolutionProperties) = preSolution
		HideSolutionNode = FALSE
	EndGlobalSection
	GlobalSection(ExtensibilityGlobals) = postSolution
		SolutionGuid = {0A60D79A-E58F-470D-A095-623CB78BC504}
	EndGlobalSection
EndGlobal
